
Microsoft Visual Studio Solution File, Format Version 12.00
# Visual Studio Version 16
VisualStudioVersion = 16.0.31112.23
MinimumVisualStudioVersion = 10.0.40219.1
Project("{FAE04EC0-301F-11D3-BF4B-00C04F79EFBC}") = "TRMDataManager", "TRMDataManager\TRMDataManager.csproj", "{AE0E3FF6-F823-46CB-8A71-6BE421FCB42A}"
EndProject
Project("{00D1A9C2-B5F0-4AF3-8072-F6C62B433612}") = "TRMData", "TRMData\TRMData.sqlproj", "{22692181-8643-4381-8B88-92F83D0E96FF}"
EndProject
Project("{FAE04EC0-301F-11D3-BF4B-00C04F79EFBC}") = "TRMWPFUserInterface", "TRMWPFUserInterface\TRMWPFUserInterface.csproj", "{2CEBE441-4BB9-4DE9-9D42-B4B8010960EB}"
EndProject
Project("{FAE04EC0-301F-11D3-BF4B-00C04F79EFBC}") = "TRMDataManager.Library", "TRMDataManager.Library\TRMDataManager.Library.csproj", "{868977A4-1752-46E0-845E-10503148D094}"
EndProject
Project("{FAE04EC0-301F-11D3-BF4B-00C04F79EFBC}") = "TRMWPFUI.Library", "TRMWPFUI.Library\TRMWPFUI.Library.csproj", "{8A278080-D7E0-4433-B559-501C612CF929}"
EndProject
Global
	GlobalSection(SolutionConfigurationPlatforms) = preSolution
		Debug|Any CPU = Debug|Any CPU
		Release|Any CPU = Release|Any CPU
	EndGlobalSection
	GlobalSection(ProjectConfigurationPlatforms) = postSolution
		{AE0E3FF6-F823-46CB-8A71-6BE421FCB42A}.Debug|Any CPU.ActiveCfg = Debug|Any CPU
		{AE0E3FF6-F823-46CB-8A71-6BE421FCB42A}.Debug|Any CPU.Build.0 = Debug|Any CPU
		{AE0E3FF6-F823-46CB-8A71-6BE421FCB42A}.Release|Any CPU.ActiveCfg = Release|Any CPU
		{AE0E3FF6-F823-46CB-8A71-6BE421FCB42A}.Release|Any CPU.Build.0 = Release|Any CPU
		{22692181-8643-4381-8B88-92F83D0E96FF}.Debug|Any CPU.ActiveCfg = Debug|Any CPU
		{22692181-8643-4381-8B88-92F83D0E96FF}.Debug|Any CPU.Build.0 = Debug|Any CPU
		{22692181-8643-4381-8B88-92F83D0E96FF}.Debug|Any CPU.Deploy.0 = Debug|Any CPU
		{22692181-8643-4381-8B88-92F83D0E96FF}.Release|Any CPU.ActiveCfg = Release|Any CPU
		{22692181-8643-4381-8B88-92F83D0E96FF}.Release|Any CPU.Build.0 = Release|Any CPU
		{22692181-8643-4381-8B88-92F83D0E96FF}.Release|Any CPU.Deploy.0 = Release|Any CPU
		{2CEBE441-4BB9-4DE9-9D42-B4B8010960EB}.Debug|Any CPU.ActiveCfg = Debug|Any CPU
		{2CEBE441-4BB9-4DE9-9D42-B4B8010960EB}.Debug|Any CPU.Build.0 = Debug|Any CPU
		{2CEBE441-4BB9-4DE9-9D42-B4B8010960EB}.Release|Any CPU.ActiveCfg = Release|Any CPU
		{2CEBE441-4BB9-4DE9-9D42-B4B8010960EB}.Release|Any CPU.Build.0 = Release|Any CPU
		{868977A4-1752-46E0-845E-10503148D094}.Debug|Any CPU.ActiveCfg = Debug|Any CPU
		{868977A4-1752-46E0-845E-10503148D094}.Debug|Any CPU.Build.0 = Debug|Any CPU
		{868977A4-1752-46E0-845E-10503148D094}.Release|Any CPU.ActiveCfg = Release|Any CPU
		{868977A4-1752-46E0-845E-10503148D094}.Release|Any CPU.Build.0 = Release|Any CPU
		{8A278080-D7E0-4433-B559-501C612CF929}.Debug|Any CPU.ActiveCfg = Debug|Any CPU
		{8A278080-D7E0-4433-B559-501C612CF929}.Debug|Any CPU.Build.0 = Debug|Any CPU
		{8A278080-D7E0-4433-B559-501C612CF929}.Release|Any CPU.ActiveCfg = Release|Any CPU
		{8A278080-D7E0-4433-B559-501C612CF929}.Release|Any CPU.Build.0 = Release|Any CPU
	EndGlobalSection
	GlobalSection(SolutionProperties) = preSolution
		HideSolutionNode = FALSE
	EndGlobalSection
	GlobalSection(ExtensibilityGlobals) = postSolution
		SolutionGuid = {F420BF4F-4AFF-48F5-8327-635238302B8F}
	EndGlobalSection
EndGlobal
